// !$*UTF8*$!
{
	archiveVersion = 1;
	classes = {
	};
	objectVersion = 46;
	objects = {

/* Begin PBXBuildFile section */
		829480531CA22AE8007AF3DE /* AppDelegate.swift in Sources */ = {isa = PBXBuildFile; fileRef = 829480521CA22AE8007AF3DE /* AppDelegate.swift */; };
		8294805A1CA22AE8007AF3DE /* Main.storyboard in Resources */ = {isa = PBXBuildFile; fileRef = 829480581CA22AE8007AF3DE /* Main.storyboard */; };
		8294805C1CA22AE8007AF3DE /* Assets.xcassets in Resources */ = {isa = PBXBuildFile; fileRef = 8294805B1CA22AE8007AF3DE /* Assets.xcassets */; };
		8294805F1CA22AE8007AF3DE /* LaunchScreen.storyboard in Resources */ = {isa = PBXBuildFile; fileRef = 8294805D1CA22AE8007AF3DE /* LaunchScreen.storyboard */; };
		8294806A1CA22AE8007AF3DE /* pokedex2Tests.swift in Sources */ = {isa = PBXBuildFile; fileRef = 829480691CA22AE8007AF3DE /* pokedex2Tests.swift */; };
		829480751CA22AE8007AF3DE /* pokedex2UITests.swift in Sources */ = {isa = PBXBuildFile; fileRef = 829480741CA22AE8007AF3DE /* pokedex2UITests.swift */; };
		829480831CA22F52007AF3DE /* pokemon.csv in Resources */ = {isa = PBXBuildFile; fileRef = 829480821CA22F52007AF3DE /* pokemon.csv */; };
		829480861CA231DF007AF3DE /* Pokemon.swift in Sources */ = {isa = PBXBuildFile; fileRef = 829480851CA231DF007AF3DE /* Pokemon.swift */; };
		8294808A1CA234F3007AF3DE /* ViewController.swift in Sources */ = {isa = PBXBuildFile; fileRef = 829480891CA234F3007AF3DE /* ViewController.swift */; };
		8294808D1CA244A9007AF3DE /* PokeCell.swift in Sources */ = {isa = PBXBuildFile; fileRef = 8294808C1CA244A9007AF3DE /* PokeCell.swift */; };
/* End PBXBuildFile section */

/* Begin PBXContainerItemProxy section */
		829480661CA22AE8007AF3DE /* PBXContainerItemProxy */ = {
			isa = PBXContainerItemProxy;
			containerPortal = 829480471CA22AE7007AF3DE /* Project object */;
			proxyType = 1;
			remoteGlobalIDString = 8294804E1CA22AE7007AF3DE;
			remoteInfo = pokedex2;
		};
		829480711CA22AE8007AF3DE /* PBXContainerItemProxy */ = {
			isa = PBXContainerItemProxy;
			containerPortal = 829480471CA22AE7007AF3DE /* Project object */;
			proxyType = 1;
			remoteGlobalIDString = 8294804E1CA22AE7007AF3DE;
			remoteInfo = pokedex2;
		};
/* End PBXContainerItemProxy section */

/* Begin PBXFileReference section */
		8294804F1CA22AE7007AF3DE /* pokedex2.app */ = {isa = PBXFileReference; explicitFileType = wrapper.application; includeInIndex = 0; path = pokedex2.app; sourceTree = BUILT_PRODUCTS_DIR; };
		829480521CA22AE8007AF3DE /* AppDelegate.swift */ = {isa = PBXFileReference; lastKnownFileType = sourcecode.swift; path = AppDelegate.swift; sourceTree = "<group>"; };
		829480591CA22AE8007AF3DE /* Base */ = {isa = PBXFileReference; lastKnownFileType = file.storyboard; name = Base; path = Base.lproj/Main.storyboard; sourceTree = "<group>"; };
		8294805B1CA22AE8007AF3DE /* Assets.xcassets */ = {isa = PBXFileReference; lastKnownFileType = folder.assetcatalog; path = Assets.xcassets; sourceTree = "<group>"; };
		8294805E1CA22AE8007AF3DE /* Base */ = {isa = PBXFileReference; lastKnownFileType = file.storyboard; name = Base; path = Base.lproj/LaunchScreen.storyboard; sourceTree = "<group>"; };
		829480601CA22AE8007AF3DE /* Info.plist */ = {isa = PBXFileReference; lastKnownFileType = text.plist.xml; path = Info.plist; sourceTree = "<group>"; };
		829480651CA22AE8007AF3DE /* pokedex2Tests.xctest */ = {isa = PBXFileReference; explicitFileType = wrapper.cfbundle; includeInIndex = 0; path = pokedex2Tests.xctest; sourceTree = BUILT_PRODUCTS_DIR; };
		829480691CA22AE8007AF3DE /* pokedex2Tests.swift */ = {isa = PBXFileReference; lastKnownFileType = sourcecode.swift; path = pokedex2Tests.swift; sourceTree = "<group>"; };
		8294806B1CA22AE8007AF3DE /* Info.plist */ = {isa = PBXFileReference; lastKnownFileType = text.plist.xml; path = Info.plist; sourceTree = "<group>"; };
		829480701CA22AE8007AF3DE /* pokedex2UITests.xctest */ = {isa = PBXFileReference; explicitFileType = wrapper.cfbundle; includeInIndex = 0; path = pokedex2UITests.xctest; sourceTree = BUILT_PRODUCTS_DIR; };
		829480741CA22AE8007AF3DE /* pokedex2UITests.swift */ = {isa = PBXFileReference; lastKnownFileType = sourcecode.swift; path = pokedex2UITests.swift; sourceTree = "<group>"; };
		829480761CA22AE8007AF3DE /* Info.plist */ = {isa = PBXFileReference; lastKnownFileType = text.plist.xml; path = Info.plist; sourceTree = "<group>"; };
		829480821CA22F52007AF3DE /* pokemon.csv */ = {isa = PBXFileReference; fileEncoding = 4; lastKnownFileType = text; path = pokemon.csv; sourceTree = "<group>"; };
		829480851CA231DF007AF3DE /* Pokemon.swift */ = {isa = PBXFileReference; fileEncoding = 4; lastKnownFileType = sourcecode.swift; path = Pokemon.swift; sourceTree = "<group>"; };
		829480891CA234F3007AF3DE /* ViewController.swift */ = {isa = PBXFileReference; fileEncoding = 4; lastKnownFileType = sourcecode.swift; name = ViewController.swift; path = ../ViewController.swift; sourceTree = "<group>"; };
		8294808C1CA244A9007AF3DE /* PokeCell.swift */ = {isa = PBXFileReference; fileEncoding = 4; lastKnownFileType = sourcecode.swift; path = PokeCell.swift; sourceTree = "<group>"; };
/* End PBXFileReference section */

/* Begin PBXFrameworksBuildPhase section */
		8294804C1CA22AE7007AF3DE /* Frameworks */ = {
			isa = PBXFrameworksBuildPhase;
			buildActionMask = 2147483647;
			files = (
			);
			runOnlyForDeploymentPostprocessing = 0;
		};
		829480621CA22AE8007AF3DE /* Frameworks */ = {
			isa = PBXFrameworksBuildPhase;
			buildActionMask = 2147483647;
			files = (
			);
			runOnlyForDeploymentPostprocessing = 0;
		};
		8294806D1CA22AE8007AF3DE /* Frameworks */ = {
			isa = PBXFrameworksBuildPhase;
			buildActionMask = 2147483647;
			files = (
			);
			runOnlyForDeploymentPostprocessing = 0;
		};
/* End PBXFrameworksBuildPhase section */

/* Begin PBXGroup section */
		829480461CA22AE7007AF3DE = {
			isa = PBXGroup;
			children = (
				829480511CA22AE8007AF3DE /* pokedex2 */,
				829480681CA22AE8007AF3DE /* pokedex2Tests */,
				829480731CA22AE8007AF3DE /* pokedex2UITests */,
				829480501CA22AE7007AF3DE /* Products */,
			);
			sourceTree = "<group>";
		};
		829480501CA22AE7007AF3DE /* Products */ = {
			isa = PBXGroup;
			children = (
				8294804F1CA22AE7007AF3DE /* pokedex2.app */,
				829480651CA22AE8007AF3DE /* pokedex2Tests.xctest */,
				829480701CA22AE8007AF3DE /* pokedex2UITests.xctest */,
			);
			name = Products;
			sourceTree = "<group>";
		};
		829480511CA22AE8007AF3DE /* pokedex2 */ = {
			isa = PBXGroup;
			children = (
				829480841CA231A0007AF3DE /* Model */,
				829480521CA22AE8007AF3DE /* AppDelegate.swift */,
				829480821CA22F52007AF3DE /* pokemon.csv */,
				829480891CA234F3007AF3DE /* ViewController.swift */,
				829480581CA22AE8007AF3DE /* Main.storyboard */,
				8294805B1CA22AE8007AF3DE /* Assets.xcassets */,
				8294805D1CA22AE8007AF3DE /* LaunchScreen.storyboard */,
				829480601CA22AE8007AF3DE /* Info.plist */,
			);
			path = pokedex2;
			sourceTree = "<group>";
		};
		829480681CA22AE8007AF3DE /* pokedex2Tests */ = {
			isa = PBXGroup;
			children = (
				829480691CA22AE8007AF3DE /* pokedex2Tests.swift */,
				8294806B1CA22AE8007AF3DE /* Info.plist */,
			);
			path = pokedex2Tests;
			sourceTree = "<group>";
		};
		829480731CA22AE8007AF3DE /* pokedex2UITests */ = {
			isa = PBXGroup;
			children = (
				829480741CA22AE8007AF3DE /* pokedex2UITests.swift */,
				829480761CA22AE8007AF3DE /* Info.plist */,
			);
			path = pokedex2UITests;
			sourceTree = "<group>";
		};
		829480841CA231A0007AF3DE /* Model */ = {
			isa = PBXGroup;
			children = (
				829480851CA231DF007AF3DE /* Pokemon.swift */,
				8294808B1CA24412007AF3DE /* View */,
			);
			name = Model;
			sourceTree = "<group>";
		};
		8294808B1CA24412007AF3DE /* View */ = {
			isa = PBXGroup;
			children = (
				8294808C1CA244A9007AF3DE /* PokeCell.swift */,
			);
			name = View;
			sourceTree = "<group>";
		};
/* End PBXGroup section */

/* Begin PBXNativeTarget section */
		8294804E1CA22AE7007AF3DE /* pokedex2 */ = {
			isa = PBXNativeTarget;
			buildConfigurationList = 829480791CA22AE8007AF3DE /* Build configuration list for PBXNativeTarget "pokedex2" */;
			buildPhases = (
				8294804B1CA22AE7007AF3DE /* Sources */,
				8294804C1CA22AE7007AF3DE /* Frameworks */,
				8294804D1CA22AE7007AF3DE /* Resources */,
			);
			buildRules = (
			);
			dependencies = (
			);
			name = pokedex2;
			productName = pokedex2;
			productReference = 8294804F1CA22AE7007AF3DE /* pokedex2.app */;
			productType = "com.apple.product-type.application";
		};
		829480641CA22AE8007AF3DE /* pokedex2Tests */ = {
			isa = PBXNativeTarget;
			buildConfigurationList = 8294807C1CA22AE8007AF3DE /* Build configuration list for PBXNativeTarget "pokedex2Tests" */;
			buildPhases = (
				829480611CA22AE8007AF3DE /* Sources */,
				829480621CA22AE8007AF3DE /* Frameworks */,
				829480631CA22AE8007AF3DE /* Resources */,
			);
			buildRules = (
			);
			dependencies = (
				829480671CA22AE8007AF3DE /* PBXTargetDependency */,
			);
			name = pokedex2Tests;
			productName = pokedex2Tests;
			productReference = 829480651CA22AE8007AF3DE /* pokedex2Tests.xctest */;
			productType = "com.apple.product-type.bundle.unit-test";
		};
		8294806F1CA22AE8007AF3DE /* pokedex2UITests */ = {
			isa = PBXNativeTarget;
			buildConfigurationList = 8294807F1CA22AE8007AF3DE /* Build configuration list for PBXNativeTarget "pokedex2UITests" */;
			buildPhases = (
				8294806C1CA22AE8007AF3DE /* Sources */,
				8294806D1CA22AE8007AF3DE /* Frameworks */,
				8294806E1CA22AE8007AF3DE /* Resources */,
			);
			buildRules = (
			);
			dependencies = (
				829480721CA22AE8007AF3DE /* PBXTargetDependency */,
			);
			name = pokedex2UITests;
			productName = pokedex2UITests;
			productReference = 829480701CA22AE8007AF3DE /* pokedex2UITests.xctest */;
			productType = "com.apple.product-type.bundle.ui-testing";
		};
/* End PBXNativeTarget section */

/* Begin PBXProject section */
		829480471CA22AE7007AF3DE /* Project object */ = {
			isa = PBXProject;
			attributes = {
				LastSwiftUpdateCheck = 0720;
				LastUpgradeCheck = 0720;
				ORGANIZATIONNAME = "mark bridson";
				TargetAttributes = {
					8294804E1CA22AE7007AF3DE = {
						CreatedOnToolsVersion = 7.2.1;
					};
					829480641CA22AE8007AF3DE = {
						CreatedOnToolsVersion = 7.2.1;
						TestTargetID = 8294804E1CA22AE7007AF3DE;
					};
					8294806F1CA22AE8007AF3DE = {
						CreatedOnToolsVersion = 7.2.1;
						TestTargetID = 8294804E1CA22AE7007AF3DE;
					};
				};
			};
			buildConfigurationList = 8294804A1CA22AE7007AF3DE /* Build configuration list for PBXProject "pokedex2" */;
			compatibilityVersion = "Xcode 3.2";
			developmentRegion = English;
			hasScannedForEncodings = 0;
			knownRegions = (
				en,
				Base,
			);
			mainGroup = 829480461CA22AE7007AF3DE;
			productRefGroup = 829480501CA22AE7007AF3DE /* Products */;
			projectDirPath = "";
			projectRoot = "";
			targets = (
				8294804E1CA22AE7007AF3DE /* pokedex2 */,
				829480641CA22AE8007AF3DE /* pokedex2Tests */,
				8294806F1CA22AE8007AF3DE /* pokedex2UITests */,
			);
		};
/* End PBXProject section */

/* Begin PBXResourcesBuildPhase section */
		8294804D1CA22AE7007AF3DE /* Resources */ = {
			isa = PBXResourcesBuildPhase;
			buildActionMask = 2147483647;
			files = (
				8294805F1CA22AE8007AF3DE /* LaunchScreen.storyboard in Resources */,
				8294805C1CA22AE8007AF3DE /* Assets.xcassets in Resources */,
				829480831CA22F52007AF3DE /* pokemon.csv in Resources */,
				8294805A1CA22AE8007AF3DE /* Main.storyboard in Resources */,
			);
			runOnlyForDeploymentPostprocessing = 0;
		};
		829480631CA22AE8007AF3DE /* Resources */ = {
			isa = PBXResourcesBuildPhase;
			buildActionMask = 2147483647;
			files = (
			);
			runOnlyForDeploymentPostprocessing = 0;
		};
		8294806E1CA22AE8007AF3DE /* Resources */ = {
			isa = PBXResourcesBuildPhase;
			buildActionMask = 2147483647;
			files = (
			);
			runOnlyForDeploymentPostprocessing = 0;
		};
/* End PBXResourcesBuildPhase section */

/* Begin PBXSourcesBuildPhase section */
		8294804B1CA22AE7007AF3DE /* Sources */ = {
			isa = PBXSourcesBuildPhase;
			buildActionMask = 2147483647;
			files = (
				8294808D1CA244A9007AF3DE /* PokeCell.swift in Sources */,
				8294808A1CA234F3007AF3DE /* ViewController.swift in Sources */,
				829480861CA231DF007AF3DE /* Pokemon.swift in Sources */,
				829480531CA22AE8007AF3DE /* AppDelegate.swift in Sources */,
			);
			runOnlyForDeploymentPostprocessing = 0;
		};
		829480611CA22AE8007AF3DE /* Sources */ = {
			isa = PBXSourcesBuildPhase;
			buildActionMask = 2147483647;
			files = (
				8294806A1CA22AE8007AF3DE /* pokedex2Tests.swift in Sources */,
			);
			runOnlyForDeploymentPostprocessing = 0;
		};
		8294806C1CA22AE8007AF3DE /* Sources */ = {
			isa = PBXSourcesBuildPhase;
			buildActionMask = 2147483647;
			files = (
				829480751CA22AE8007AF3DE /* pokedex2UITests.swift in Sources */,
			);
			runOnlyForDeploymentPostprocessing = 0;
		};
/* End PBXSourcesBuildPhase section */

/* Begin PBXTargetDependency section */
		829480671CA22AE8007AF3DE /* PBXTargetDependency */ = {
			isa = PBXTargetDependency;
			target = 8294804E1CA22AE7007AF3DE /* pokedex2 */;
			targetProxy = 829480661CA22AE8007AF3DE /* PBXContainerItemProxy */;
		};
		829480721CA22AE8007AF3DE /* PBXTargetDependency */ = {
			isa = PBXTargetDependency;
			target = 8294804E1CA22AE7007AF3DE /* pokedex2 */;
			targetProxy = 829480711CA22AE8007AF3DE /* PBXContainerItemProxy */;
		};
/* End PBXTargetDependency section */

/* Begin PBXVariantGroup section */
		829480581CA22AE8007AF3DE /* Main.storyboard */ = {
			isa = PBXVariantGroup;
			children = (
				829480591CA22AE8007AF3DE /* Base */,
			);
			name = Main.storyboard;
			sourceTree = "<group>";
		};
		8294805D1CA22AE8007AF3DE /* LaunchScreen.storyboard */ = {
			isa = PBXVariantGroup;
			children = (
				8294805E1CA22AE8007AF3DE /* Base */,
			);
			name = LaunchScreen.storyboard;
			sourceTree = "<group>";
		};
/* End PBXVariantGroup section */

/* Begin XCBuildConfiguration section */
		829480771CA22AE8007AF3DE /* Debug */ = {
			isa = XCBuildConfiguration;
			buildSettings = {
				ALWAYS_SEARCH_USER_PATHS = NO;
				CLANG_CXX_LANGUAGE_STANDARD = "gnu++0x";
				CLANG_CXX_LIBRARY = "libc++";
				CLANG_ENABLE_MODULES = YES;
				CLANG_ENABLE_OBJC_ARC = YES;
				CLANG_WARN_BOOL_CONVERSION = YES;
				CLANG_WARN_CONSTANT_CONVERSION = YES;
				CLANG_WARN_DIRECT_OBJC_ISA_USAGE = YES_ERROR;
				CLANG_WARN_EMPTY_BODY = YES;
				CLANG_WARN_ENUM_CONVERSION = YES;
				CLANG_WARN_INT_CONVERSION = YES;
				CLANG_WARN_OBJC_ROOT_CLASS = YES_ERROR;
				CLANG_WARN_UNREACHABLE_CODE = YES;
				CLANG_WARN__DUPLICATE_METHOD_MATCH = YES;
				"CODE_SIGN_IDENTITY[sdk=iphoneos*]" = "iPhone Developer";
				COPY_PHASE_STRIP = NO;
				DEBUG_INFORMATION_FORMAT = dwarf;
				ENABLE_STRICT_OBJC_MSGSEND = YES;
				ENABLE_TESTABILITY = YES;
				GCC_C_LANGUAGE_STANDARD = gnu99;
				GCC_DYNAMIC_NO_PIC = NO;
				GCC_NO_COMMON_BLOCKS = YES;
				GCC_OPTIMIZATION_LEVEL = 0;
				GCC_PREPROCESSOR_DEFINITIONS = (
					"DEBUG=1",
					"$(inherited)",
				);
				GCC_WARN_64_TO_32_BIT_CONVERSION = YES;
				GCC_WARN_ABOUT_RETURN_TYPE = YES_ERROR;
				GCC_WARN_UNDECLARED_SELECTOR = YES;
				GCC_WARN_UNINITIALIZED_AUTOS = YES_AGGRESSIVE;
				GCC_WARN_UNUSED_FUNCTION = YES;
				GCC_WARN_UNUSED_VARIABLE = YES;
				IPHONEOS_DEPLOYMENT_TARGET = 9.2;
				MTL_ENABLE_DEBUG_INFO = YES;
				ONLY_ACTIVE_ARCH = YES;
				SDKROOT = iphoneos;
				SWIFT_OPTIMIZATION_LEVEL = "-Onone";
				TARGETED_DEVICE_FAMILY = "1,2";
			};
			name = Debug;
		};
		829480781CA22AE8007AF3DE /* Release */ = {
			isa = XCBuildConfiguration;
			buildSettings = {
				ALWAYS_SEARCH_USER_PATHS = NO;
				CLANG_CXX_LANGUAGE_STANDARD = "gnu++0x";
				CLANG_CXX_LIBRARY = "libc++";
				CLANG_ENABLE_MODULES = YES;
				CLANG_ENABLE_OBJC_ARC = YES;
				CLANG_WARN_BOOL_CONVERSION = YES;
				CLANG_WARN_CONSTANT_CONVERSION = YES;
				CLANG_WARN_DIRECT_OBJC_ISA_USAGE = YES_ERROR;
				CLANG_WARN_EMPTY_BODY = YES;
				CLANG_WARN_ENUM_CONVERSION = YES;
				CLANG_WARN_INT_CONVERSION = YES;
				CLANG_WARN_OBJC_ROOT_CLASS = YES_ERROR;
				CLANG_WARN_UNREACHABLE_CODE = YES;
				CLANG_WARN__DUPLICATE_METHOD_MATCH = YES;
				"CODE_SIGN_IDENTITY[sdk=iphoneos*]" = "iPhone Developer";
				COPY_PHASE_STRIP = NO;
				DEBUG_INFORMATION_FORMAT = "dwarf-with-dsym";
				ENABLE_NS_ASSERTIONS = NO;
				ENABLE_STRICT_OBJC_MSGSEND = YES;
				GCC_C_LANGUAGE_STANDARD = gnu99;
				GCC_NO_COMMON_BLOCKS = YES;
				GCC_WARN_64_TO_32_BIT_CONVERSION = YES;
				GCC_WARN_ABOUT_RETURN_TYPE = YES_ERROR;
				GCC_WARN_UNDECLARED_SELECTOR = YES;
				GCC_WARN_UNINITIALIZED_AUTOS = YES_AGGRESSIVE;
				GCC_WARN_UNUSED_FUNCTION = YES;
				GCC_WARN_UNUSED_VARIABLE = YES;
				IPHONEOS_DEPLOYMENT_TARGET = 9.2;
				MTL_ENABLE_DEBUG_INFO = NO;
				SDKROOT = iphoneos;
				TARGETED_DEVICE_FAMILY = "1,2";
				VALIDATE_PRODUCT = YES;
			};
			name = Release;
		};
		8294807A1CA22AE8007AF3DE /* Debug */ = {
			isa = XCBuildConfiguration;
			buildSettings = {
				ASSETCATALOG_COMPILER_APPICON_NAME = AppIcon;
				INFOPLIST_FILE = pokedex2/Info.plist;
				LD_RUNPATH_SEARCH_PATHS = "$(inherited) @executable_path/Frameworks";
				PRODUCT_BUNDLE_IDENTIFIER = ShineyEnt.pokedex2;
				PRODUCT_NAME = "$(TARGET_NAME)";
			};
			name = Debug;
		};
		8294807B1CA22AE8007AF3DE /* Release */ = {
			isa = XCBuildConfiguration;
			buildSettings = {
				ASSETCATALOG_COMPILER_APPICON_NAME = AppIcon;
				INFOPLIST_FILE = pokedex2/Info.plist;
				LD_RUNPATH_SEARCH_PATHS = "$(inherited) @executable_path/Frameworks";
				PRODUCT_BUNDLE_IDENTIFIER = ShineyEnt.pokedex2;
				PRODUCT_NAME = "$(TARGET_NAME)";
			};
			name = Release;
		};
		8294807D1CA22AE8007AF3DE /* Debug */ = {
			isa = XCBuildConfiguration;
			buildSettings = {
				BUNDLE_LOADER = "$(TEST_HOST)";
				INFOPLIST_FILE = pokedex2Tests/Info.plist;
				LD_RUNPATH_SEARCH_PATHS = "$(inherited) @executable_path/Frameworks @loader_path/Frameworks";
				PRODUCT_BUNDLE_IDENTIFIER = ShineyEnt.pokedex2Tests;
				PRODUCT_NAME = "$(TARGET_NAME)";
				TEST_HOST = "$(BUILT_PRODUCTS_DIR)/pokedex2.app/pokedex2";
			};
			name = Debug;
		};
		8294807E1CA22AE8007AF3DE /* Release */ = {
			isa = XCBuildConfiguration;
			buildSettings = {
				BUNDLE_LOADER = "$(TEST_HOST)";
				INFOPLIST_FILE = pokedex2Tests/Info.plist;
				LD_RUNPATH_SEARCH_PATHS = "$(inherited) @executable_path/Frameworks @loader_path/Frameworks";
				PRODUCT_BUNDLE_IDENTIFIER = ShineyEnt.pokedex2Tests;
				PRODUCT_NAME = "$(TARGET_NAME)";
				TEST_HOST = "$(BUILT_PRODUCTS_DIR)/pokedex2.app/pokedex2";
			};
			name = Release;
		};
		829480801CA22AE8007AF3DE /* Debug */ = {
			isa = XCBuildConfiguration;
			buildSettings = {
				INFOPLIST_FILE = pokedex2UITests/Info.plist;
				LD_RUNPATH_SEARCH_PATHS = "$(inherited) @executable_path/Frameworks @loader_path/Frameworks";
				PRODUCT_BUNDLE_IDENTIFIER = ShineyEnt.pokedex2UITests;
				PRODUCT_NAME = "$(TARGET_NAME)";
				TEST_TARGET_NAME = pokedex2;
				USES_XCTRUNNER = YES;
			};
			name = Debug;
		};
		829480811CA22AE8007AF3DE /* Release */ = {
			isa = XCBuildConfiguration;
			buildSettings = {
				INFOPLIST_FILE = pokedex2UITests/Info.plist;
				LD_RUNPATH_SEARCH_PATHS = "$(inherited) @executable_path/Frameworks @loader_path/Frameworks";
				PRODUCT_BUNDLE_IDENTIFIER = ShineyEnt.pokedex2UITests;
				PRODUCT_NAME = "$(TARGET_NAME)";
				TEST_TARGET_NAME = pokedex2;
				USES_XCTRUNNER = YES;
			};
			name = Release;
		};
/* End XCBuildConfiguration section */

/* Begin XCConfigurationList section */
		8294804A1CA22AE7007AF3DE /* Build configuration list for PBXProject "pokedex2" */ = {
			isa = XCConfigurationList;
			buildConfigurations = (
				829480771CA22AE8007AF3DE /* Debug */,
				829480781CA22AE8007AF3DE /* Release */,
			);
			defaultConfigurationIsVisible = 0;
			defaultConfigurationName = Release;
		};
		829480791CA22AE8007AF3DE /* Build configuration list for PBXNativeTarget "pokedex2" */ = {
			isa = XCConfigurationList;
			buildConfigurations = (
				8294807A1CA22AE8007AF3DE /* Debug */,
				8294807B1CA22AE8007AF3DE /* Release */,
			);
			defaultConfigurationIsVisible = 0;
		};
		8294807C1CA22AE8007AF3DE /* Build configuration list for PBXNativeTarget "pokedex2Tests" */ = {
			isa = XCConfigurationList;
			buildConfigurations = (
				8294807D1CA22AE8007AF3DE /* Debug */,
				8294807E1CA22AE8007AF3DE /* Release */,
			);
			defaultConfigurationIsVisible = 0;
		};
		8294807F1CA22AE8007AF3DE /* Build configuration list for PBXNativeTarget "pokedex2UITests" */ = {
			isa = XCConfigurationList;
			buildConfigurations = (
				829480801CA22AE8007AF3DE /* Debug */,
				829480811CA22AE8007AF3DE /* Release */,
			);
			defaultConfigurationIsVisible = 0;
		};
/* End XCConfigurationList section */
	};
	rootObject = 829480471CA22AE7007AF3DE /* Project object */;
}
